
Microsoft Visual Studio Solution File, Format Version 12.00
# Visual Studio 14
VisualStudioVersion = 14.0.25420.1
MinimumVisualStudioVersion = 10.0.40219.1
Project("{FAE04EC0-301F-11D3-BF4B-00C04F79EFBC}") = "Ex1", "Ex1\Ex1.csproj", "{C7977169-A61E-4E56-80B1-6398652C3AE1}"
EndProject
Project("{FAE04EC0-301F-11D3-BF4B-00C04F79EFBC}") = "Program", "Program\Program.csproj", "{EA78CB67-C297-4118-A3A2-A75DE2BC0AF3}"
	ProjectSection(ProjectDependencies) = postProject
		{C7977169-A61E-4E56-80B1-6398652C3AE1} = {C7977169-A61E-4E56-80B1-6398652C3AE1}
	EndProjectSection
EndProject
Global
	GlobalSection(SolutionConfigurationPlatforms) = preSolution
		Debug|Any CPU = Debug|Any CPU
		Release|Any CPU = Release|Any CPU
	EndGlobalSection
	GlobalSection(ProjectConfigurationPlatforms) = postSolution
		{C7977169-A61E-4E56-80B1-6398652C3AE1}.Debug|Any CPU.ActiveCfg = Debug|Any CPU
		{C7977169-A61E-4E56-80B1-6398652C3AE1}.Debug|Any CPU.Build.0 = Debug|Any CPU
		{C7977169-A61E-4E56-80B1-6398652C3AE1}.Release|Any CPU.ActiveCfg = Release|Any CPU
		{C7977169-A61E-4E56-80B1-6398652C3AE1}.Release|Any CPU.Build.0 = Release|Any CPU
		{EA78CB67-C297-4118-A3A2-A75DE2BC0AF3}.Debug|Any CPU.ActiveCfg = Debug|Any CPU
		{EA78CB67-C297-4118-A3A2-A75DE2BC0AF3}.Debug|Any CPU.Build.0 = Debug|Any CPU
		{EA78CB67-C297-4118-A3A2-A75DE2BC0AF3}.Debug|Any CPU.Deploy.0 = Debug|Any CPU
		{EA78CB67-C297-4118-A3A2-A75DE2BC0AF3}.Release|Any CPU.ActiveCfg = Release|Any CPU
		{EA78CB67-C297-4118-A3A2-A75DE2BC0AF3}.Release|Any CPU.Build.0 = Release|Any CPU
	EndGlobalSection
	GlobalSection(SolutionProperties) = preSolution
		HideSolutionNode = FALSE
	EndGlobalSection
EndGlobal
